
Microsoft Visual Studio Solution File, Format Version 12.00
# Visual Studio Version 16
VisualStudioVersion = 16.0.33423.256
MinimumVisualStudioVersion = 10.0.40219.1
Project("{FAE04EC0-301F-11D3-BF4B-00C04F79EFBC}") = "PACMAN", "PACMAN\PACMAN.csproj", "{14A30D68-6492-41E0-8959-AD5C5A37021C}"
EndProject
Global
	GlobalSection(SolutionConfigurationPlatforms) = preSolution
		Debug|Any CPU = Debug|Any CPU
		Release|Any CPU = Release|Any CPU
	EndGlobalSection
	GlobalSection(ProjectConfigurationPlatforms) = postSolution
		{14A30D68-6492-41E0-8959-AD5C5A37021C}.Debug|Any CPU.ActiveCfg = Debug|Any CPU
		{14A30D68-6492-41E0-8959-AD5C5A37021C}.Debug|Any CPU.Build.0 = Debug|Any CPU
		{14A30D68-6492-41E0-8959-AD5C5A37021C}.Release|Any CPU.ActiveCfg = Release|Any CPU
		{14A30D68-6492-41E0-8959-AD5C5A37021C}.Release|Any CPU.Build.0 = Release|Any CPU
	EndGlobalSection
	GlobalSection(SolutionProperties) = preSolution
		HideSolutionNode = FALSE
	EndGlobalSection
	GlobalSection(ExtensibilityGlobals) = postSolution
		SolutionGuid = {95F89327-8033-41EF-954C-D94F254AA2F7}
	EndGlobalSection
EndGlobal
