
Microsoft Visual Studio Solution File, Format Version 12.00
# Visual Studio Version 16
VisualStudioVersion = 16.0.33423.256
MinimumVisualStudioVersion = 10.0.40219.1
Project("{FAE04EC0-301F-11D3-BF4B-00C04F79EFBC}") = "card", "card\card.csproj", "{31F10E85-B3BD-46CB-8FE0-804A7D68C457}"
EndProject
Global
	GlobalSection(SolutionConfigurationPlatforms) = preSolution
		Debug|Any CPU = Debug|Any CPU
		Release|Any CPU = Release|Any CPU
	EndGlobalSection
	GlobalSection(ProjectConfigurationPlatforms) = postSolution
		{31F10E85-B3BD-46CB-8FE0-804A7D68C457}.Debug|Any CPU.ActiveCfg = Debug|Any CPU
		{31F10E85-B3BD-46CB-8FE0-804A7D68C457}.Debug|Any CPU.Build.0 = Debug|Any CPU
		{31F10E85-B3BD-46CB-8FE0-804A7D68C457}.Release|Any CPU.ActiveCfg = Release|Any CPU
		{31F10E85-B3BD-46CB-8FE0-804A7D68C457}.Release|Any CPU.Build.0 = Release|Any CPU
	EndGlobalSection
	GlobalSection(SolutionProperties) = preSolution
		HideSolutionNode = FALSE
	EndGlobalSection
	GlobalSection(ExtensibilityGlobals) = postSolution
		SolutionGuid = {044D413D-2891-49AE-9CE6-5DDCFAF17A86}
	EndGlobalSection
EndGlobal
